
Microsoft Visual Studio Solution File, Format Version 12.00
# Visual Studio 15
VisualStudioVersion = 15.0.27130.2003
MinimumVisualStudioVersion = 10.0.40219.1
Project("{FAE04EC0-301F-11D3-BF4B-00C04F79EFBC}") = "Myproject01", "Myproject01\Myproject01.csproj", "{9DFDE2F3-1C15-4284-80EB-C019B6759050}"
EndProject
Global
	GlobalSection(SolutionConfigurationPlatforms) = preSolution
		Debug|Any CPU = Debug|Any CPU
		Release|Any CPU = Release|Any CPU
	EndGlobalSection
	GlobalSection(ProjectConfigurationPlatforms) = postSolution
		{9DFDE2F3-1C15-4284-80EB-C019B6759050}.Debug|Any CPU.ActiveCfg = Debug|Any CPU
		{9DFDE2F3-1C15-4284-80EB-C019B6759050}.Debug|Any CPU.Build.0 = Debug|Any CPU
		{9DFDE2F3-1C15-4284-80EB-C019B6759050}.Release|Any CPU.ActiveCfg = Release|Any CPU
		{9DFDE2F3-1C15-4284-80EB-C019B6759050}.Release|Any CPU.Build.0 = Release|Any CPU
	EndGlobalSection
	GlobalSection(SolutionProperties) = preSolution
		HideSolutionNode = FALSE
	EndGlobalSection
	GlobalSection(ExtensibilityGlobals) = postSolution
		SolutionGuid = {6E356EE3-4702-45F5-8035-D4521752D01B}
	EndGlobalSection
EndGlobal
